
Microsoft Visual Studio Solution File, Format Version 11.00
# Visual Studio 2010
Project("{F184B08F-C81C-45F6-A57F-5ABD9991F28F}") = "AccuSysCreator2", "AccuSysCreator2.vbproj", "{33F5B08A-15A8-45E0-BA4A-DD4E6F286469}"
EndProject
Project("{F184B08F-C81C-45F6-A57F-5ABD9991F28F}") = "FramePartImagePanel", "..\FramePartImagePanel\FramePartImagePanel.vbproj", "{AECA7BFB-3BAD-4901-8759-29043DA77822}"
EndProject
Project("{F184B08F-C81C-45F6-A57F-5ABD9991F28F}") = "FrontFrameEventArgClasses", "..\FrontFrameEventArgClasses\FrontFrameEventArgClasses.vbproj", "{61EFFB47-ACFC-490D-9A68-98538BB26542}"
EndProject
Global
	GlobalSection(SourceCodeControl) = preSolution
		SccNumberOfProjects = 4
		SccProjectName0 = \u0022$/qcc/Applications/AccuSysCreator2\u0022,\u0020ARWGAAAA
		SccLocalPath0 = ..
		SccProvider0 = MSSCCI:Microsoft\u0020Visual\u0020SourceSafe
		SccProjectFilePathRelativizedFromConnection0 = AccuSysCreator2\\
		SccProjectUniqueName1 = AccuSysCreator2.vbproj
		SccLocalPath1 = ..
		SccProjectFilePathRelativizedFromConnection1 = AccuSysCreator2\\
		SccProjectUniqueName2 = ..\\FramePartImagePanel\\FramePartImagePanel.vbproj
		SccLocalPath2 = ..
		SccProjectFilePathRelativizedFromConnection2 = FramePartImagePanel\\
		SccProjectUniqueName3 = ..\\FrontFrameEventArgClasses\\FrontFrameEventArgClasses.vbproj
		SccLocalPath3 = ..
		SccProjectFilePathRelativizedFromConnection3 = FrontFrameEventArgClasses\\
	EndGlobalSection
	GlobalSection(SolutionConfigurationPlatforms) = preSolution
		Debug|Any CPU = Debug|Any CPU
		Release|Any CPU = Release|Any CPU
	EndGlobalSection
	GlobalSection(ProjectConfigurationPlatforms) = postSolution
		{33F5B08A-15A8-45E0-BA4A-DD4E6F286469}.Debug|Any CPU.ActiveCfg = Debug|Any CPU
		{33F5B08A-15A8-45E0-BA4A-DD4E6F286469}.Debug|Any CPU.Build.0 = Debug|Any CPU
		{33F5B08A-15A8-45E0-BA4A-DD4E6F286469}.Release|Any CPU.ActiveCfg = Release|Any CPU
		{33F5B08A-15A8-45E0-BA4A-DD4E6F286469}.Release|Any CPU.Build.0 = Release|Any CPU
		{AECA7BFB-3BAD-4901-8759-29043DA77822}.Debug|Any CPU.ActiveCfg = Debug|Any CPU
		{AECA7BFB-3BAD-4901-8759-29043DA77822}.Debug|Any CPU.Build.0 = Debug|Any CPU
		{AECA7BFB-3BAD-4901-8759-29043DA77822}.Release|Any CPU.ActiveCfg = Release|Any CPU
		{AECA7BFB-3BAD-4901-8759-29043DA77822}.Release|Any CPU.Build.0 = Release|Any CPU
		{61EFFB47-ACFC-490D-9A68-98538BB26542}.Debug|Any CPU.ActiveCfg = Debug|Any CPU
		{61EFFB47-ACFC-490D-9A68-98538BB26542}.Debug|Any CPU.Build.0 = Debug|Any CPU
		{61EFFB47-ACFC-490D-9A68-98538BB26542}.Release|Any CPU.ActiveCfg = Release|Any CPU
		{61EFFB47-ACFC-490D-9A68-98538BB26542}.Release|Any CPU.Build.0 = Release|Any CPU
	EndGlobalSection
	GlobalSection(SolutionProperties) = preSolution
		HideSolutionNode = FALSE
	EndGlobalSection
EndGlobal
